
Microsoft Visual Studio Solution File, Format Version 12.00
# Visual Studio 15
VisualStudioVersion = 15.0.28307.779
MinimumVisualStudioVersion = 10.0.40219.1
Project("{FAE04EC0-301F-11D3-BF4B-00C04F79EFBC}") = "Btg.PocReserva.UI", "Btg.PocReserva.UI.csproj", "{5EB0A4D3-42F0-4C54-B3CF-28AA642C2DF0}"
EndProject
Global
	GlobalSection(SolutionConfigurationPlatforms) = preSolution
		Debug|Any CPU = Debug|Any CPU
		Release|Any CPU = Release|Any CPU
	EndGlobalSection
	GlobalSection(ProjectConfigurationPlatforms) = postSolution
		{5EB0A4D3-42F0-4C54-B3CF-28AA642C2DF0}.Debug|Any CPU.ActiveCfg = Debug|Any CPU
		{5EB0A4D3-42F0-4C54-B3CF-28AA642C2DF0}.Debug|Any CPU.Build.0 = Debug|Any CPU
		{5EB0A4D3-42F0-4C54-B3CF-28AA642C2DF0}.Release|Any CPU.ActiveCfg = Release|Any CPU
		{5EB0A4D3-42F0-4C54-B3CF-28AA642C2DF0}.Release|Any CPU.Build.0 = Release|Any CPU
	EndGlobalSection
	GlobalSection(SolutionProperties) = preSolution
		HideSolutionNode = FALSE
	EndGlobalSection
	GlobalSection(ExtensibilityGlobals) = postSolution
		SolutionGuid = {89378ABA-8739-425A-B844-C543A0FC8A31}
	EndGlobalSection
EndGlobal
